
Microsoft Visual Studio Solution File, Format Version 12.00
# Visual Studio 15
VisualStudioVersion = 15.0.27703.2035
MinimumVisualStudioVersion = 10.0.40219.1
Project("{FAE04EC0-301F-11D3-BF4B-00C04F79EFBC}") = "ProjetoVagas.Android", "ProjetoVagas\ProjetoVagas.Android\ProjetoVagas.Android.csproj", "{C7C35994-D98B-48B1-BF51-766FE04BFF46}"
EndProject
Project("{FAE04EC0-301F-11D3-BF4B-00C04F79EFBC}") = "ProjetoVagas.iOS", "ProjetoVagas\ProjetoVagas.iOS\ProjetoVagas.iOS.csproj", "{CD09D53D-5585-462E-BBD4-C875EE59B995}"
EndProject
Project("{FAE04EC0-301F-11D3-BF4B-00C04F79EFBC}") = "ProjetoVagas", "ProjetoVagas\ProjetoVagas\ProjetoVagas.csproj", "{33665BA5-24C7-4FE9-A4E9-E15ED214AECB}"
EndProject
Global
	GlobalSection(SolutionConfigurationPlatforms) = preSolution
		Ad-Hoc|Any CPU = Ad-Hoc|Any CPU
		Ad-Hoc|iPhone = Ad-Hoc|iPhone
		Ad-Hoc|iPhoneSimulator = Ad-Hoc|iPhoneSimulator
		AppStore|Any CPU = AppStore|Any CPU
		AppStore|iPhone = AppStore|iPhone
		AppStore|iPhoneSimulator = AppStore|iPhoneSimulator
		Debug|Any CPU = Debug|Any CPU
		Debug|iPhone = Debug|iPhone
		Debug|iPhoneSimulator = Debug|iPhoneSimulator
		Release|Any CPU = Release|Any CPU
		Release|iPhone = Release|iPhone
		Release|iPhoneSimulator = Release|iPhoneSimulator
	EndGlobalSection
	GlobalSection(ProjectConfigurationPlatforms) = postSolution
		{C7C35994-D98B-48B1-BF51-766FE04BFF46}.Ad-Hoc|Any CPU.ActiveCfg = Release|Any CPU
		{C7C35994-D98B-48B1-BF51-766FE04BFF46}.Ad-Hoc|Any CPU.Build.0 = Release|Any CPU
		{C7C35994-D98B-48B1-BF51-766FE04BFF46}.Ad-Hoc|Any CPU.Deploy.0 = Release|Any CPU
		{C7C35994-D98B-48B1-BF51-766FE04BFF46}.Ad-Hoc|iPhone.ActiveCfg = Release|Any CPU
		{C7C35994-D98B-48B1-BF51-766FE04BFF46}.Ad-Hoc|iPhone.Build.0 = Release|Any CPU
		{C7C35994-D98B-48B1-BF51-766FE04BFF46}.Ad-Hoc|iPhone.Deploy.0 = Release|Any CPU
		{C7C35994-D98B-48B1-BF51-766FE04BFF46}.Ad-Hoc|iPhoneSimulator.ActiveCfg = Release|Any CPU
		{C7C35994-D98B-48B1-BF51-766FE04BFF46}.Ad-Hoc|iPhoneSimulator.Build.0 = Release|Any CPU
		{C7C35994-D98B-48B1-BF51-766FE04BFF46}.Ad-Hoc|iPhoneSimulator.Deploy.0 = Release|Any CPU
		{C7C35994-D98B-48B1-BF51-766FE04BFF46}.AppStore|Any CPU.ActiveCfg = Release|Any CPU
		{C7C35994-D98B-48B1-BF51-766FE04BFF46}.AppStore|Any CPU.Build.0 = Release|Any CPU
		{C7C35994-D98B-48B1-BF51-766FE04BFF46}.AppStore|Any CPU.Deploy.0 = Release|Any CPU
		{C7C35994-D98B-48B1-BF51-766FE04BFF46}.AppStore|iPhone.ActiveCfg = Release|Any CPU
		{C7C35994-D98B-48B1-BF51-766FE04BFF46}.AppStore|iPhone.Build.0 = Release|Any CPU
		{C7C35994-D98B-48B1-BF51-766FE04BFF46}.AppStore|iPhone.Deploy.0 = Release|Any CPU
		{C7C35994-D98B-48B1-BF51-766FE04BFF46}.AppStore|iPhoneSimulator.ActiveCfg = Release|Any CPU
		{C7C35994-D98B-48B1-BF51-766FE04BFF46}.AppStore|iPhoneSimulator.Build.0 = Release|Any CPU
		{C7C35994-D98B-48B1-BF51-766FE04BFF46}.AppStore|iPhoneSimulator.Deploy.0 = Release|Any CPU
		{C7C35994-D98B-48B1-BF51-766FE04BFF46}.Debug|Any CPU.ActiveCfg = Debug|Any CPU
		{C7C35994-D98B-48B1-BF51-766FE04BFF46}.Debug|Any CPU.Build.0 = Debug|Any CPU
		{C7C35994-D98B-48B1-BF51-766FE04BFF46}.Debug|Any CPU.Deploy.0 = Debug|Any CPU
		{C7C35994-D98B-48B1-BF51-766FE04BFF46}.Debug|iPhone.ActiveCfg = Debug|Any CPU
		{C7C35994-D98B-48B1-BF51-766FE04BFF46}.Debug|iPhone.Build.0 = Debug|Any CPU
		{C7C35994-D98B-48B1-BF51-766FE04BFF46}.Debug|iPhone.Deploy.0 = Debug|Any CPU
		{C7C35994-D98B-48B1-BF51-766FE04BFF46}.Debug|iPhoneSimulator.ActiveCfg = Debug|Any CPU
		{C7C35994-D98B-48B1-BF51-766FE04BFF46}.Debug|iPhoneSimulator.Build.0 = Debug|Any CPU
		{C7C35994-D98B-48B1-BF51-766FE04BFF46}.Debug|iPhoneSimulator.Deploy.0 = Debug|Any CPU
		{C7C35994-D98B-48B1-BF51-766FE04BFF46}.Release|Any CPU.ActiveCfg = Release|Any CPU
		{C7C35994-D98B-48B1-BF51-766FE04BFF46}.Release|Any CPU.Build.0 = Release|Any CPU
		{C7C35994-D98B-48B1-BF51-766FE04BFF46}.Release|Any CPU.Deploy.0 = Release|Any CPU
		{C7C35994-D98B-48B1-BF51-766FE04BFF46}.Release|iPhone.ActiveCfg = Release|Any CPU
		{C7C35994-D98B-48B1-BF51-766FE04BFF46}.Release|iPhone.Build.0 = Release|Any CPU
		{C7C35994-D98B-48B1-BF51-766FE04BFF46}.Release|iPhone.Deploy.0 = Release|Any CPU
		{C7C35994-D98B-48B1-BF51-766FE04BFF46}.Release|iPhoneSimulator.ActiveCfg = Release|Any CPU
		{C7C35994-D98B-48B1-BF51-766FE04BFF46}.Release|iPhoneSimulator.Build.0 = Release|Any CPU
		{C7C35994-D98B-48B1-BF51-766FE04BFF46}.Release|iPhoneSimulator.Deploy.0 = Release|Any CPU
		{CD09D53D-5585-462E-BBD4-C875EE59B995}.Ad-Hoc|Any CPU.ActiveCfg = Ad-Hoc|iPhone
		{CD09D53D-5585-462E-BBD4-C875EE59B995}.Ad-Hoc|Any CPU.Build.0 = Ad-Hoc|iPhone
		{CD09D53D-5585-462E-BBD4-C875EE59B995}.Ad-Hoc|Any CPU.Deploy.0 = Ad-Hoc|iPhone
		{CD09D53D-5585-462E-BBD4-C875EE59B995}.Ad-Hoc|iPhone.ActiveCfg = Ad-Hoc|iPhone
		{CD09D53D-5585-462E-BBD4-C875EE59B995}.Ad-Hoc|iPhone.Build.0 = Ad-Hoc|iPhone
		{CD09D53D-5585-462E-BBD4-C875EE59B995}.Ad-Hoc|iPhone.Deploy.0 = Ad-Hoc|iPhone
		{CD09D53D-5585-462E-BBD4-C875EE59B995}.Ad-Hoc|iPhoneSimulator.ActiveCfg = Ad-Hoc|iPhoneSimulator
		{CD09D53D-5585-462E-BBD4-C875EE59B995}.Ad-Hoc|iPhoneSimulator.Build.0 = Ad-Hoc|iPhoneSimulator
		{CD09D53D-5585-462E-BBD4-C875EE59B995}.Ad-Hoc|iPhoneSimulator.Deploy.0 = Ad-Hoc|iPhoneSimulator
		{CD09D53D-5585-462E-BBD4-C875EE59B995}.AppStore|Any CPU.ActiveCfg = AppStore|iPhone
		{CD09D53D-5585-462E-BBD4-C875EE59B995}.AppStore|Any CPU.Build.0 = AppStore|iPhone
		{CD09D53D-5585-462E-BBD4-C875EE59B995}.AppStore|Any CPU.Deploy.0 = AppStore|iPhone
		{CD09D53D-5585-462E-BBD4-C875EE59B995}.AppStore|iPhone.ActiveCfg = AppStore|iPhone
		{CD09D53D-5585-462E-BBD4-C875EE59B995}.AppStore|iPhone.Build.0 = AppStore|iPhone
		{CD09D53D-5585-462E-BBD4-C875EE59B995}.AppStore|iPhone.Deploy.0 = AppStore|iPhone
		{CD09D53D-5585-462E-BBD4-C875EE59B995}.AppStore|iPhoneSimulator.ActiveCfg = AppStore|iPhoneSimulator
		{CD09D53D-5585-462E-BBD4-C875EE59B995}.AppStore|iPhoneSimulator.Build.0 = AppStore|iPhoneSimulator
		{CD09D53D-5585-462E-BBD4-C875EE59B995}.AppStore|iPhoneSimulator.Deploy.0 = AppStore|iPhoneSimulator
		{CD09D53D-5585-462E-BBD4-C875EE59B995}.Debug|Any CPU.ActiveCfg = Debug|iPhoneSimulator
		{CD09D53D-5585-462E-BBD4-C875EE59B995}.Debug|Any CPU.Build.0 = Debug|iPhoneSimulator
		{CD09D53D-5585-462E-BBD4-C875EE59B995}.Debug|Any CPU.Deploy.0 = Debug|iPhoneSimulator
		{CD09D53D-5585-462E-BBD4-C875EE59B995}.Debug|iPhone.ActiveCfg = Debug|iPhone
		{CD09D53D-5585-462E-BBD4-C875EE59B995}.Debug|iPhone.Build.0 = Debug|iPhone
		{CD09D53D-5585-462E-BBD4-C875EE59B995}.Debug|iPhone.Deploy.0 = Debug|iPhone
		{CD09D53D-5585-462E-BBD4-C875EE59B995}.Debug|iPhoneSimulator.ActiveCfg = Debug|iPhoneSimulator
		{CD09D53D-5585-462E-BBD4-C875EE59B995}.Debug|iPhoneSimulator.Build.0 = Debug|iPhoneSimulator
		{CD09D53D-5585-462E-BBD4-C875EE59B995}.Debug|iPhoneSimulator.Deploy.0 = Debug|iPhoneSimulator
		{CD09D53D-5585-462E-BBD4-C875EE59B995}.Release|Any CPU.ActiveCfg = Release|iPhone
		{CD09D53D-5585-462E-BBD4-C875EE59B995}.Release|Any CPU.Build.0 = Release|iPhone
		{CD09D53D-5585-462E-BBD4-C875EE59B995}.Release|Any CPU.Deploy.0 = Release|iPhone
		{CD09D53D-5585-462E-BBD4-C875EE59B995}.Release|iPhone.ActiveCfg = Release|iPhone
		{CD09D53D-5585-462E-BBD4-C875EE59B995}.Release|iPhone.Build.0 = Release|iPhone
		{CD09D53D-5585-462E-BBD4-C875EE59B995}.Release|iPhone.Deploy.0 = Release|iPhone
		{CD09D53D-5585-462E-BBD4-C875EE59B995}.Release|iPhoneSimulator.ActiveCfg = Release|iPhoneSimulator
		{CD09D53D-5585-462E-BBD4-C875EE59B995}.Release|iPhoneSimulator.Build.0 = Release|iPhoneSimulator
		{CD09D53D-5585-462E-BBD4-C875EE59B995}.Release|iPhoneSimulator.Deploy.0 = Release|iPhoneSimulator
		{33665BA5-24C7-4FE9-A4E9-E15ED214AECB}.Ad-Hoc|Any CPU.ActiveCfg = Debug|Any CPU
		{33665BA5-24C7-4FE9-A4E9-E15ED214AECB}.Ad-Hoc|Any CPU.Build.0 = Debug|Any CPU
		{33665BA5-24C7-4FE9-A4E9-E15ED214AECB}.Ad-Hoc|Any CPU.Deploy.0 = Debug|Any CPU
		{33665BA5-24C7-4FE9-A4E9-E15ED214AECB}.Ad-Hoc|iPhone.ActiveCfg = Debug|Any CPU
		{33665BA5-24C7-4FE9-A4E9-E15ED214AECB}.Ad-Hoc|iPhone.Build.0 = Debug|Any CPU
		{33665BA5-24C7-4FE9-A4E9-E15ED214AECB}.Ad-Hoc|iPhone.Deploy.0 = Debug|Any CPU
		{33665BA5-24C7-4FE9-A4E9-E15ED214AECB}.Ad-Hoc|iPhoneSimulator.ActiveCfg = Debug|Any CPU
		{33665BA5-24C7-4FE9-A4E9-E15ED214AECB}.Ad-Hoc|iPhoneSimulator.Build.0 = Debug|Any CPU
		{33665BA5-24C7-4FE9-A4E9-E15ED214AECB}.Ad-Hoc|iPhoneSimulator.Deploy.0 = Debug|Any CPU
		{33665BA5-24C7-4FE9-A4E9-E15ED214AECB}.AppStore|Any CPU.ActiveCfg = Debug|Any CPU
		{33665BA5-24C7-4FE9-A4E9-E15ED214AECB}.AppStore|Any CPU.Build.0 = Debug|Any CPU
		{33665BA5-24C7-4FE9-A4E9-E15ED214AECB}.AppStore|Any CPU.Deploy.0 = Debug|Any CPU
		{33665BA5-24C7-4FE9-A4E9-E15ED214AECB}.AppStore|iPhone.ActiveCfg = Debug|Any CPU
		{33665BA5-24C7-4FE9-A4E9-E15ED214AECB}.AppStore|iPhone.Build.0 = Debug|Any CPU
		{33665BA5-24C7-4FE9-A4E9-E15ED214AECB}.AppStore|iPhone.Deploy.0 = Debug|Any CPU
		{33665BA5-24C7-4FE9-A4E9-E15ED214AECB}.AppStore|iPhoneSimulator.ActiveCfg = Debug|Any CPU
		{33665BA5-24C7-4FE9-A4E9-E15ED214AECB}.AppStore|iPhoneSimulator.Build.0 = Debug|Any CPU
		{33665BA5-24C7-4FE9-A4E9-E15ED214AECB}.AppStore|iPhoneSimulator.Deploy.0 = Debug|Any CPU
		{33665BA5-24C7-4FE9-A4E9-E15ED214AECB}.Debug|Any CPU.ActiveCfg = Debug|Any CPU
		{33665BA5-24C7-4FE9-A4E9-E15ED214AECB}.Debug|Any CPU.Build.0 = Debug|Any CPU
		{33665BA5-24C7-4FE9-A4E9-E15ED214AECB}.Debug|Any CPU.Deploy.0 = Debug|Any CPU
		{33665BA5-24C7-4FE9-A4E9-E15ED214AECB}.Debug|iPhone.ActiveCfg = Debug|Any CPU
		{33665BA5-24C7-4FE9-A4E9-E15ED214AECB}.Debug|iPhone.Build.0 = Debug|Any CPU
		{33665BA5-24C7-4FE9-A4E9-E15ED214AECB}.Debug|iPhone.Deploy.0 = Debug|Any CPU
		{33665BA5-24C7-4FE9-A4E9-E15ED214AECB}.Debug|iPhoneSimulator.ActiveCfg = Debug|Any CPU
		{33665BA5-24C7-4FE9-A4E9-E15ED214AECB}.Debug|iPhoneSimulator.Build.0 = Debug|Any CPU
		{33665BA5-24C7-4FE9-A4E9-E15ED214AECB}.Debug|iPhoneSimulator.Deploy.0 = Debug|Any CPU
		{33665BA5-24C7-4FE9-A4E9-E15ED214AECB}.Release|Any CPU.ActiveCfg = Release|Any CPU
		{33665BA5-24C7-4FE9-A4E9-E15ED214AECB}.Release|Any CPU.Build.0 = Release|Any CPU
		{33665BA5-24C7-4FE9-A4E9-E15ED214AECB}.Release|Any CPU.Deploy.0 = Release|Any CPU
		{33665BA5-24C7-4FE9-A4E9-E15ED214AECB}.Release|iPhone.ActiveCfg = Release|Any CPU
		{33665BA5-24C7-4FE9-A4E9-E15ED214AECB}.Release|iPhone.Build.0 = Release|Any CPU
		{33665BA5-24C7-4FE9-A4E9-E15ED214AECB}.Release|iPhone.Deploy.0 = Release|Any CPU
		{33665BA5-24C7-4FE9-A4E9-E15ED214AECB}.Release|iPhoneSimulator.ActiveCfg = Release|Any CPU
		{33665BA5-24C7-4FE9-A4E9-E15ED214AECB}.Release|iPhoneSimulator.Build.0 = Release|Any CPU
		{33665BA5-24C7-4FE9-A4E9-E15ED214AECB}.Release|iPhoneSimulator.Deploy.0 = Release|Any CPU
	EndGlobalSection
	GlobalSection(SolutionProperties) = preSolution
		HideSolutionNode = FALSE
	EndGlobalSection
	GlobalSection(ExtensibilityGlobals) = postSolution
		SolutionGuid = {4292DB72-48F1-42BC-A47B-0576106DACFE}
	EndGlobalSection
EndGlobal
